
Microsoft Visual Studio Solution File, Format Version 12.00
# Visual Studio Version 16
VisualStudioVersion = 16.0.31424.327
MinimumVisualStudioVersion = 10.0.40219.1
Project("{FAE04EC0-301F-11D3-BF4B-00C04F79EFBC}") = "Evolution2", "Evolution2\Evolution2.csproj", "{ECF06A03-E776-463E-8957-38D6FF38F27F}"
EndProject
Global
	GlobalSection(SolutionConfigurationPlatforms) = preSolution
		Debug|Any CPU = Debug|Any CPU
		Release|Any CPU = Release|Any CPU
	EndGlobalSection
	GlobalSection(ProjectConfigurationPlatforms) = postSolution
		{ECF06A03-E776-463E-8957-38D6FF38F27F}.Debug|Any CPU.ActiveCfg = Debug|Any CPU
		{ECF06A03-E776-463E-8957-38D6FF38F27F}.Debug|Any CPU.Build.0 = Debug|Any CPU
		{ECF06A03-E776-463E-8957-38D6FF38F27F}.Release|Any CPU.ActiveCfg = Release|Any CPU
		{ECF06A03-E776-463E-8957-38D6FF38F27F}.Release|Any CPU.Build.0 = Release|Any CPU
	EndGlobalSection
	GlobalSection(SolutionProperties) = preSolution
		HideSolutionNode = FALSE
	EndGlobalSection
	GlobalSection(ExtensibilityGlobals) = postSolution
		SolutionGuid = {45E4B49D-927B-4F8E-B37A-ACA15CEDA157}
	EndGlobalSection
EndGlobal
